
Microsoft Visual Studio Solution File, Format Version 12.00
# Visual Studio Version 17
VisualStudioVersion = 17.4.33213.308
MinimumVisualStudioVersion = 10.0.40219.1
Project("{FAE04EC0-301F-11D3-BF4B-00C04F79EFBC}") = "Data Access Layer", "Data Access Layer\Data Access Layer.csproj", "{5437A2FD-E1C4-4EB1-885F-737578B344BB}"
EndProject
Project("{FAE04EC0-301F-11D3-BF4B-00C04F79EFBC}") = "Business Logic Layer", "Business Logic Layer\Business Logic Layer.csproj", "{0E823930-3AE0-475F-862F-6BF3C56E526B}"
EndProject
Project("{FAE04EC0-301F-11D3-BF4B-00C04F79EFBC}") = "Presentation Layer", "Presentation Layer\Presentation Layer.csproj", "{9F88271D-8E31-4FF8-8634-6FD49AF7D573}"
EndProject
Global
	GlobalSection(SolutionConfigurationPlatforms) = preSolution
		Debug|Any CPU = Debug|Any CPU
		Release|Any CPU = Release|Any CPU
	EndGlobalSection
	GlobalSection(ProjectConfigurationPlatforms) = postSolution
		{5437A2FD-E1C4-4EB1-885F-737578B344BB}.Debug|Any CPU.ActiveCfg = Debug|Any CPU
		{5437A2FD-E1C4-4EB1-885F-737578B344BB}.Debug|Any CPU.Build.0 = Debug|Any CPU
		{5437A2FD-E1C4-4EB1-885F-737578B344BB}.Release|Any CPU.ActiveCfg = Release|Any CPU
		{5437A2FD-E1C4-4EB1-885F-737578B344BB}.Release|Any CPU.Build.0 = Release|Any CPU
		{0E823930-3AE0-475F-862F-6BF3C56E526B}.Debug|Any CPU.ActiveCfg = Debug|Any CPU
		{0E823930-3AE0-475F-862F-6BF3C56E526B}.Debug|Any CPU.Build.0 = Debug|Any CPU
		{0E823930-3AE0-475F-862F-6BF3C56E526B}.Release|Any CPU.ActiveCfg = Release|Any CPU
		{0E823930-3AE0-475F-862F-6BF3C56E526B}.Release|Any CPU.Build.0 = Release|Any CPU
		{9F88271D-8E31-4FF8-8634-6FD49AF7D573}.Debug|Any CPU.ActiveCfg = Debug|Any CPU
		{9F88271D-8E31-4FF8-8634-6FD49AF7D573}.Debug|Any CPU.Build.0 = Debug|Any CPU
		{9F88271D-8E31-4FF8-8634-6FD49AF7D573}.Release|Any CPU.ActiveCfg = Release|Any CPU
		{9F88271D-8E31-4FF8-8634-6FD49AF7D573}.Release|Any CPU.Build.0 = Release|Any CPU
	EndGlobalSection
	GlobalSection(SolutionProperties) = preSolution
		HideSolutionNode = FALSE
	EndGlobalSection
	GlobalSection(ExtensibilityGlobals) = postSolution
		SolutionGuid = {CAF6391C-4BB5-4049-8549-5A25DABDD203}
	EndGlobalSection
EndGlobal
